
Microsoft Visual Studio Solution File, Format Version 11.00
# Visual Studio 2010
Project("{8BC9CEB8-8B4A-11D0-8D11-00A0C91BC942}") = "CodeCounter", "CodeCounter\CodeCounter.vcxproj", "{62D863DA-07D0-4E33-85F9-60D4F694060F}"
EndProject
Global
	GlobalSection(SolutionConfigurationPlatforms) = preSolution
		Debug|Win32 = Debug|Win32
		Release|Win32 = Release|Win32
	EndGlobalSection
	GlobalSection(ProjectConfigurationPlatforms) = postSolution
		{62D863DA-07D0-4E33-85F9-60D4F694060F}.Debug|Win32.ActiveCfg = Debug|Win32
		{62D863DA-07D0-4E33-85F9-60D4F694060F}.Debug|Win32.Build.0 = Debug|Win32
		{62D863DA-07D0-4E33-85F9-60D4F694060F}.Release|Win32.ActiveCfg = Release|Win32
		{62D863DA-07D0-4E33-85F9-60D4F694060F}.Release|Win32.Build.0 = Release|Win32
	EndGlobalSection
	GlobalSection(SolutionProperties) = preSolution
		HideSolutionNode = FALSE
	EndGlobalSection
EndGlobal
